// !$*UTF8*$!
{
	archiveVersion = 1;
	classes = {
	};
	objectVersion = 46;
	objects = {

/* Begin PBXBuildFile section */
		1004B9F61CCF13F40038C4B0 /* SSBaseNavigationController.m in Sources */ = {isa = PBXBuildFile; fileRef = 1004B9F31CCF13F30038C4B0 /* SSBaseNavigationController.m */; };
		1004B9F71CCF13F40038C4B0 /* UIScrollView+AllowPanGestureEventPass.m in Sources */ = {isa = PBXBuildFile; fileRef = 1004B9F51CCF13F30038C4B0 /* UIScrollView+AllowPanGestureEventPass.m */; };
		944BDFA41C47826C00B1E88E /* main.m in Sources */ = {isa = PBXBuildFile; fileRef = 944BDFA31C47826C00B1E88E /* main.m */; };
		944BDFA71C47826C00B1E88E /* AppDelegate.m in Sources */ = {isa = PBXBuildFile; fileRef = 944BDFA61C47826C00B1E88E /* AppDelegate.m */; };
		944BDFAF1C47826C00B1E88E /* Assets.xcassets in Resources */ = {isa = PBXBuildFile; fileRef = 944BDFAE1C47826C00B1E88E /* Assets.xcassets */; };
		944BDFB21C47826C00B1E88E /* LaunchScreen.storyboard in Resources */ = {isa = PBXBuildFile; fileRef = 944BDFB01C47826C00B1E88E /* LaunchScreen.storyboard */; };
		944BDFBB1C47830200B1E88E /* BaseNavigationController.m in Sources */ = {isa = PBXBuildFile; fileRef = 944BDFBA1C47830200B1E88E /* BaseNavigationController.m */; };
		944BDFBE1C47831400B1E88E /* FirstViewController.m in Sources */ = {isa = PBXBuildFile; fileRef = 944BDFBD1C47831400B1E88E /* FirstViewController.m */; };
/* End PBXBuildFile section */

/* Begin PBXCopyFilesBuildPhase section */
		944BDFC31C478E9000B1E88E /* Embed Frameworks */ = {
			isa = PBXCopyFilesBuildPhase;
			buildActionMask = 2147483647;
			dstPath = "";
			dstSubfolderSpec = 10;
			files = (
			);
			name = "Embed Frameworks";
			runOnlyForDeploymentPostprocessing = 0;
		};
/* End PBXCopyFilesBuildPhase section */

/* Begin PBXFileReference section */
		1004B9F21CCF13F30038C4B0 /* SSBaseNavigationController.h */ = {isa = PBXFileReference; fileEncoding = 4; lastKnownFileType = sourcecode.c.h; path = SSBaseNavigationController.h; sourceTree = "<group>"; };
		1004B9F31CCF13F30038C4B0 /* SSBaseNavigationController.m */ = {isa = PBXFileReference; fileEncoding = 4; lastKnownFileType = sourcecode.c.objc; path = SSBaseNavigationController.m; sourceTree = "<group>"; };
		1004B9F41CCF13F30038C4B0 /* UIScrollView+AllowPanGestureEventPass.h */ = {isa = PBXFileReference; fileEncoding = 4; lastKnownFileType = sourcecode.c.h; path = "UIScrollView+AllowPanGestureEventPass.h"; sourceTree = "<group>"; };
		1004B9F51CCF13F30038C4B0 /* UIScrollView+AllowPanGestureEventPass.m */ = {isa = PBXFileReference; fileEncoding = 4; lastKnownFileType = sourcecode.c.objc; path = "UIScrollView+AllowPanGestureEventPass.m"; sourceTree = "<group>"; };
		944BDF9F1C47826C00B1E88E /* SSNavigationControllerDemo.app */ = {isa = PBXFileReference; explicitFileType = wrapper.application; includeInIndex = 0; path = SSNavigationControllerDemo.app; sourceTree = BUILT_PRODUCTS_DIR; };
		944BDFA31C47826C00B1E88E /* main.m */ = {isa = PBXFileReference; lastKnownFileType = sourcecode.c.objc; path = main.m; sourceTree = "<group>"; };
		944BDFA51C47826C00B1E88E /* AppDelegate.h */ = {isa = PBXFileReference; lastKnownFileType = sourcecode.c.h; path = AppDelegate.h; sourceTree = "<group>"; };
		944BDFA61C47826C00B1E88E /* AppDelegate.m */ = {isa = PBXFileReference; lastKnownFileType = sourcecode.c.objc; path = AppDelegate.m; sourceTree = "<group>"; };
		944BDFAE1C47826C00B1E88E /* Assets.xcassets */ = {isa = PBXFileReference; lastKnownFileType = folder.assetcatalog; path = Assets.xcassets; sourceTree = "<group>"; };
		944BDFB11C47826C00B1E88E /* Base */ = {isa = PBXFileReference; lastKnownFileType = file.storyboard; name = Base; path = Base.lproj/LaunchScreen.storyboard; sourceTree = "<group>"; };
		944BDFB31C47826C00B1E88E /* Info.plist */ = {isa = PBXFileReference; lastKnownFileType = text.plist.xml; path = Info.plist; sourceTree = "<group>"; };
		944BDFB91C47830200B1E88E /* BaseNavigationController.h */ = {isa = PBXFileReference; fileEncoding = 4; lastKnownFileType = sourcecode.c.h; path = BaseNavigationController.h; sourceTree = "<group>"; };
		944BDFBA1C47830200B1E88E /* BaseNavigationController.m */ = {isa = PBXFileReference; fileEncoding = 4; lastKnownFileType = sourcecode.c.objc; path = BaseNavigationController.m; sourceTree = "<group>"; };
		944BDFBC1C47831400B1E88E /* FirstViewController.h */ = {isa = PBXFileReference; fileEncoding = 4; lastKnownFileType = sourcecode.c.h; path = FirstViewController.h; sourceTree = "<group>"; };
		944BDFBD1C47831400B1E88E /* FirstViewController.m */ = {isa = PBXFileReference; fileEncoding = 4; lastKnownFileType = sourcecode.c.objc; path = FirstViewController.m; sourceTree = "<group>"; };
/* End PBXFileReference section */

/* Begin PBXFrameworksBuildPhase section */
		944BDF9C1C47826C00B1E88E /* Frameworks */ = {
			isa = PBXFrameworksBuildPhase;
			buildActionMask = 2147483647;
			files = (
			);
			runOnlyForDeploymentPostprocessing = 0;
		};
/* End PBXFrameworksBuildPhase section */

/* Begin PBXGroup section */
		1004B9F11CCF13F30038C4B0 /* Source */ = {
			isa = PBXGroup;
			children = (
				1004B9F21CCF13F30038C4B0 /* SSBaseNavigationController.h */,
				1004B9F31CCF13F30038C4B0 /* SSBaseNavigationController.m */,
				1004B9F41CCF13F30038C4B0 /* UIScrollView+AllowPanGestureEventPass.h */,
				1004B9F51CCF13F30038C4B0 /* UIScrollView+AllowPanGestureEventPass.m */,
			);
			path = Source;
			sourceTree = "<group>";
		};
		944BDF961C47826C00B1E88E = {
			isa = PBXGroup;
			children = (
				944BDFA11C47826C00B1E88E /* SSNavigationControllerDemo */,
				944BDFA01C47826C00B1E88E /* Products */,
			);
			sourceTree = "<group>";
		};
		944BDFA01C47826C00B1E88E /* Products */ = {
			isa = PBXGroup;
			children = (
				944BDF9F1C47826C00B1E88E /* SSNavigationControllerDemo.app */,
			);
			name = Products;
			sourceTree = "<group>";
		};
		944BDFA11C47826C00B1E88E /* SSNavigationControllerDemo */ = {
			isa = PBXGroup;
			children = (
				944BDFA51C47826C00B1E88E /* AppDelegate.h */,
				944BDFA61C47826C00B1E88E /* AppDelegate.m */,
				944BDFAE1C47826C00B1E88E /* Assets.xcassets */,
				944BDFB01C47826C00B1E88E /* LaunchScreen.storyboard */,
				944BDFB31C47826C00B1E88E /* Info.plist */,
				944BDFA21C47826C00B1E88E /* Supporting Files */,
				944BDFB91C47830200B1E88E /* BaseNavigationController.h */,
				944BDFBA1C47830200B1E88E /* BaseNavigationController.m */,
				944BDFBC1C47831400B1E88E /* FirstViewController.h */,
				944BDFBD1C47831400B1E88E /* FirstViewController.m */,
			);
			path = SSNavigationControllerDemo;
			sourceTree = "<group>";
		};
		944BDFA21C47826C00B1E88E /* Supporting Files */ = {
			isa = PBXGroup;
			children = (
				1004B9F11CCF13F30038C4B0 /* Source */,
				944BDFA31C47826C00B1E88E /* main.m */,
			);
			name = "Supporting Files";
			sourceTree = "<group>";
		};
/* End PBXGroup section */

/* Begin PBXNativeTarget section */
		944BDF9E1C47826C00B1E88E /* SSNavigationControllerDemo */ = {
			isa = PBXNativeTarget;
			buildConfigurationList = 944BDFB61C47826C00B1E88E /* Build configuration list for PBXNativeTarget "SSNavigationControllerDemo" */;
			buildPhases = (
				944BDF9B1C47826C00B1E88E /* Sources */,
				944BDF9C1C47826C00B1E88E /* Frameworks */,
				944BDF9D1C47826C00B1E88E /* Resources */,
				944BDFC31C478E9000B1E88E /* Embed Frameworks */,
			);
			buildRules = (
			);
			dependencies = (
			);
			name = SSNavigationControllerDemo;
			productName = SSNavigationControllerDemo;
			productReference = 944BDF9F1C47826C00B1E88E /* SSNavigationControllerDemo.app */;
			productType = "com.apple.product-type.application";
		};
/* End PBXNativeTarget section */

/* Begin PBXProject section */
		944BDF971C47826C00B1E88E /* Project object */ = {
			isa = PBXProject;
			attributes = {
				LastUpgradeCheck = 0700;
				ORGANIZATIONNAME = stevenSu;
				TargetAttributes = {
					944BDF9E1C47826C00B1E88E = {
						CreatedOnToolsVersion = 7.0.1;
					};
				};
			};
			buildConfigurationList = 944BDF9A1C47826C00B1E88E /* Build configuration list for PBXProject "SSNavigationControllerDemo" */;
			compatibilityVersion = "Xcode 3.2";
			developmentRegion = English;
			hasScannedForEncodings = 0;
			knownRegions = (
				en,
				Base,
			);
			mainGroup = 944BDF961C47826C00B1E88E;
			productRefGroup = 944BDFA01C47826C00B1E88E /* Products */;
			projectDirPath = "";
			projectRoot = "";
			targets = (
				944BDF9E1C47826C00B1E88E /* SSNavigationControllerDemo */,
			);
		};
/* End PBXProject section */

/* Begin PBXResourcesBuildPhase section */
		944BDF9D1C47826C00B1E88E /* Resources */ = {
			isa = PBXResourcesBuildPhase;
			buildActionMask = 2147483647;
			files = (
				944BDFB21C47826C00B1E88E /* LaunchScreen.storyboard in Resources */,
				944BDFAF1C47826C00B1E88E /* Assets.xcassets in Resources */,
			);
			runOnlyForDeploymentPostprocessing = 0;
		};
/* End PBXResourcesBuildPhase section */

/* Begin PBXSourcesBuildPhase section */
		944BDF9B1C47826C00B1E88E /* Sources */ = {
			isa = PBXSourcesBuildPhase;
			buildActionMask = 2147483647;
			files = (
				1004B9F61CCF13F40038C4B0 /* SSBaseNavigationController.m in Sources */,
				1004B9F71CCF13F40038C4B0 /* UIScrollView+AllowPanGestureEventPass.m in Sources */,
				944BDFA71C47826C00B1E88E /* AppDelegate.m in Sources */,
				944BDFA41C47826C00B1E88E /* main.m in Sources */,
				944BDFBB1C47830200B1E88E /* BaseNavigationController.m in Sources */,
				944BDFBE1C47831400B1E88E /* FirstViewController.m in Sources */,
			);
			runOnlyForDeploymentPostprocessing = 0;
		};
/* End PBXSourcesBuildPhase section */

/* Begin PBXVariantGroup section */
		944BDFB01C47826C00B1E88E /* LaunchScreen.storyboard */ = {
			isa = PBXVariantGroup;
			children = (
				944BDFB11C47826C00B1E88E /* Base */,
			);
			name = LaunchScreen.storyboard;
			sourceTree = "<group>";
		};
/* End PBXVariantGroup section */

/* Begin XCBuildConfiguration section */
		944BDFB41C47826C00B1E88E /* Debug */ = {
			isa = XCBuildConfiguration;
			buildSettings = {
				ALWAYS_SEARCH_USER_PATHS = NO;
				CLANG_CXX_LANGUAGE_STANDARD = "gnu++0x";
				CLANG_CXX_LIBRARY = "libc++";
				CLANG_ENABLE_MODULES = YES;
				CLANG_ENABLE_OBJC_ARC = YES;
				CLANG_WARN_BOOL_CONVERSION = YES;
				CLANG_WARN_CONSTANT_CONVERSION = YES;
				CLANG_WARN_DIRECT_OBJC_ISA_USAGE = YES_ERROR;
				CLANG_WARN_EMPTY_BODY = YES;
				CLANG_WARN_ENUM_CONVERSION = YES;
				CLANG_WARN_INT_CONVERSION = YES;
				CLANG_WARN_OBJC_ROOT_CLASS = YES_ERROR;
				CLANG_WARN_UNREACHABLE_CODE = YES;
				CLANG_WARN__DUPLICATE_METHOD_MATCH = YES;
				"CODE_SIGN_IDENTITY[sdk=iphoneos*]" = "iPhone Developer";
				COPY_PHASE_STRIP = NO;
				DEBUG_INFORMATION_FORMAT = dwarf;
				ENABLE_STRICT_OBJC_MSGSEND = YES;
				ENABLE_TESTABILITY = YES;
				GCC_C_LANGUAGE_STANDARD = gnu99;
				GCC_DYNAMIC_NO_PIC = NO;
				GCC_NO_COMMON_BLOCKS = YES;
				GCC_OPTIMIZATION_LEVEL = 0;
				GCC_PREPROCESSOR_DEFINITIONS = (
					"DEBUG=1",
					"$(inherited)",
				);
				GCC_WARN_64_TO_32_BIT_CONVERSION = YES;
				GCC_WARN_ABOUT_RETURN_TYPE = YES_ERROR;
				GCC_WARN_UNDECLARED_SELECTOR = YES;
				GCC_WARN_UNINITIALIZED_AUTOS = YES_AGGRESSIVE;
				GCC_WARN_UNUSED_FUNCTION = YES;
				GCC_WARN_UNUSED_VARIABLE = YES;
				IPHONEOS_DEPLOYMENT_TARGET = 9.0;
				MTL_ENABLE_DEBUG_INFO = YES;
				ONLY_ACTIVE_ARCH = YES;
				SDKROOT = iphoneos;
				TARGETED_DEVICE_FAMILY = "1,2";
			};
			name = Debug;
		};
		944BDFB51C47826C00B1E88E /* Release */ = {
			isa = XCBuildConfiguration;
			buildSettings = {
				ALWAYS_SEARCH_USER_PATHS = NO;
				CLANG_CXX_LANGUAGE_STANDARD = "gnu++0x";
				CLANG_CXX_LIBRARY = "libc++";
				CLANG_ENABLE_MODULES = YES;
				CLANG_ENABLE_OBJC_ARC = YES;
				CLANG_WARN_BOOL_CONVERSION = YES;
				CLANG_WARN_CONSTANT_CONVERSION = YES;
				CLANG_WARN_DIRECT_OBJC_ISA_USAGE = YES_ERROR;
				CLANG_WARN_EMPTY_BODY = YES;
				CLANG_WARN_ENUM_CONVERSION = YES;
				CLANG_WARN_INT_CONVERSION = YES;
				CLANG_WARN_OBJC_ROOT_CLASS = YES_ERROR;
				CLANG_WARN_UNREACHABLE_CODE = YES;
				CLANG_WARN__DUPLICATE_METHOD_MATCH = YES;
				"CODE_SIGN_IDENTITY[sdk=iphoneos*]" = "iPhone Developer";
				COPY_PHASE_STRIP = NO;
				DEBUG_INFORMATION_FORMAT = "dwarf-with-dsym";
				ENABLE_NS_ASSERTIONS = NO;
				ENABLE_STRICT_OBJC_MSGSEND = YES;
				GCC_C_LANGUAGE_STANDARD = gnu99;
				GCC_NO_COMMON_BLOCKS = YES;
				GCC_WARN_64_TO_32_BIT_CONVERSION = YES;
				GCC_WARN_ABOUT_RETURN_TYPE = YES_ERROR;
				GCC_WARN_UNDECLARED_SELECTOR = YES;
				GCC_WARN_UNINITIALIZED_AUTOS = YES_AGGRESSIVE;
				GCC_WARN_UNUSED_FUNCTION = YES;
				GCC_WARN_UNUSED_VARIABLE = YES;
				IPHONEOS_DEPLOYMENT_TARGET = 9.0;
				MTL_ENABLE_DEBUG_INFO = NO;
				SDKROOT = iphoneos;
				TARGETED_DEVICE_FAMILY = "1,2";
				VALIDATE_PRODUCT = YES;
			};
			name = Release;
		};
		944BDFB71C47826C00B1E88E /* Debug */ = {
			isa = XCBuildConfiguration;
			buildSettings = {
				ASSETCATALOG_COMPILER_APPICON_NAME = AppIcon;
				INFOPLIST_FILE = SSNavigationControllerDemo/Info.plist;
				IPHONEOS_DEPLOYMENT_TARGET = 7.0;
				LD_RUNPATH_SEARCH_PATHS = "$(inherited) @executable_path/Frameworks";
				PRODUCT_BUNDLE_IDENTIFIER = com.ruihai.SSNavigationControllerDemo;
				PRODUCT_NAME = "$(TARGET_NAME)";
			};
			name = Debug;
		};
		944BDFB81C47826C00B1E88E /* Release */ = {
			isa = XCBuildConfiguration;
			buildSettings = {
				ASSETCATALOG_COMPILER_APPICON_NAME = AppIcon;
				INFOPLIST_FILE = SSNavigationControllerDemo/Info.plist;
				IPHONEOS_DEPLOYMENT_TARGET = 7.0;
				LD_RUNPATH_SEARCH_PATHS = "$(inherited) @executable_path/Frameworks";
				PRODUCT_BUNDLE_IDENTIFIER = com.ruihai.SSNavigationControllerDemo;
				PRODUCT_NAME = "$(TARGET_NAME)";
			};
			name = Release;
		};
/* End XCBuildConfiguration section */

/* Begin XCConfigurationList section */
		944BDF9A1C47826C00B1E88E /* Build configuration list for PBXProject "SSNavigationControllerDemo" */ = {
			isa = XCConfigurationList;
			buildConfigurations = (
				944BDFB41C47826C00B1E88E /* Debug */,
				944BDFB51C47826C00B1E88E /* Release */,
			);
			defaultConfigurationIsVisible = 0;
			defaultConfigurationName = Release;
		};
		944BDFB61C47826C00B1E88E /* Build configuration list for PBXNativeTarget "SSNavigationControllerDemo" */ = {
			isa = XCConfigurationList;
			buildConfigurations = (
				944BDFB71C47826C00B1E88E /* Debug */,
				944BDFB81C47826C00B1E88E /* Release */,
			);
			defaultConfigurationIsVisible = 0;
			defaultConfigurationName = Release;
		};
/* End XCConfigurationList section */
	};
	rootObject = 944BDF971C47826C00B1E88E /* Project object */;
}
